{
  "name": "unscroll",
  "version": "1.0.0",
  "lockfileVersion": 1,
  "requires": true,
  "dependencies": {
    "minijasminenode": {
      "version": "1.1.1",
      "resolved": "https://registry.npmjs.org/minijasminenode/-/minijasminenode-1.1.1.tgz",
      "integrity": "sha1-f5Y31mQopTHAX08QtpoxG137YOk=",
      "dev": true
    }
  }
}
